
Microsoft Visual Studio Solution File, Format Version 12.00
# Visual Studio Version 16
VisualStudioVersion = 16.0.31729.503
MinimumVisualStudioVersion = 10.0.40219.1
Project("{FAE04EC0-301F-11D3-BF4B-00C04F79EFBC}") = "Lab6", "Lab6\Lab6.csproj", "{7389A683-B9F4-4751-9A09-E71A50C1B81A}"
EndProject
Project("{FAE04EC0-301F-11D3-BF4B-00C04F79EFBC}") = "ClassLibrary", "ClassLibrary\ClassLibrary.csproj", "{D5697DA7-5C37-4C77-84D0-FEB04F5A0DE4}"
EndProject
Project("{FAE04EC0-301F-11D3-BF4B-00C04F79EFBC}") = "InterfaceLoadPrintSort", "InterfaceLoadPrintSort\InterfaceLoadPrintSort.csproj", "{59E7688E-2903-4C98-948E-9D633A37A229}"
EndProject
Global
	GlobalSection(SolutionConfigurationPlatforms) = preSolution
		Debug|Any CPU = Debug|Any CPU
		Release|Any CPU = Release|Any CPU
	EndGlobalSection
	GlobalSection(ProjectConfigurationPlatforms) = postSolution
		{7389A683-B9F4-4751-9A09-E71A50C1B81A}.Debug|Any CPU.ActiveCfg = Debug|Any CPU
		{7389A683-B9F4-4751-9A09-E71A50C1B81A}.Debug|Any CPU.Build.0 = Debug|Any CPU
		{7389A683-B9F4-4751-9A09-E71A50C1B81A}.Release|Any CPU.ActiveCfg = Release|Any CPU
		{7389A683-B9F4-4751-9A09-E71A50C1B81A}.Release|Any CPU.Build.0 = Release|Any CPU
		{D5697DA7-5C37-4C77-84D0-FEB04F5A0DE4}.Debug|Any CPU.ActiveCfg = Debug|Any CPU
		{D5697DA7-5C37-4C77-84D0-FEB04F5A0DE4}.Debug|Any CPU.Build.0 = Debug|Any CPU
		{D5697DA7-5C37-4C77-84D0-FEB04F5A0DE4}.Release|Any CPU.ActiveCfg = Release|Any CPU
		{D5697DA7-5C37-4C77-84D0-FEB04F5A0DE4}.Release|Any CPU.Build.0 = Release|Any CPU
		{59E7688E-2903-4C98-948E-9D633A37A229}.Debug|Any CPU.ActiveCfg = Debug|Any CPU
		{59E7688E-2903-4C98-948E-9D633A37A229}.Debug|Any CPU.Build.0 = Debug|Any CPU
		{59E7688E-2903-4C98-948E-9D633A37A229}.Release|Any CPU.ActiveCfg = Release|Any CPU
		{59E7688E-2903-4C98-948E-9D633A37A229}.Release|Any CPU.Build.0 = Release|Any CPU
	EndGlobalSection
	GlobalSection(SolutionProperties) = preSolution
		HideSolutionNode = FALSE
	EndGlobalSection
	GlobalSection(ExtensibilityGlobals) = postSolution
		SolutionGuid = {5875CB7A-489D-49A8-96D4-57B679AB451E}
	EndGlobalSection
EndGlobal
